
Microsoft Visual Studio Solution File, Format Version 12.00
# Visual Studio 15
VisualStudioVersion = 15.0.28010.2036
MinimumVisualStudioVersion = 10.0.40219.1
Project("{2150E333-8FDC-42A3-9474-1A3956D46DE8}") = "Turtle IDE", "Turtle IDE", "{BABDE3AC-B7AC-42B8-B6D3-D438BFC7960F}"
EndProject
Project("{2150E333-8FDC-42A3-9474-1A3956D46DE8}") = "Wide", "Wide", "{1B274611-D2A7-4242-B9E2-610D651B1FE2}"
EndProject
Project("{2150E333-8FDC-42A3-9474-1A3956D46DE8}") = "PythonConsole", "PythonConsole", "{95C61292-CB7B-4C79-86B0-2314FA88D16F}"
EndProject
Project("{FAE04EC0-301F-11D3-BF4B-00C04F79EFBC}") = "IronPythonConsoleForm", "Src\PythonConsole\IronPythonConsoleForm\IronPythonConsoleForm.csproj", "{5B4DE2A6-8357-4F45-BF54-7C3CDFFB7E22}"
EndProject
Project("{FAE04EC0-301F-11D3-BF4B-00C04F79EFBC}") = "Turtle-IDE", "Src\Turtle IDE\Turtle-IDE\Turtle-IDE.csproj", "{EA9395FB-9EC1-4386-8A66-C501AE3AB358}"
EndProject
Project("{FAE04EC0-301F-11D3-BF4B-00C04F79EFBC}") = "Turtle-IDE.Core", "Src\Turtle IDE\Turtle-IDE.Core\Turtle-IDE.Core.csproj", "{C8DA29B2-85C1-4104-8316-D7ADDE26BF3A}"
EndProject
Project("{FAE04EC0-301F-11D3-BF4B-00C04F79EFBC}") = "Wide", "Src\Wide\Wide\Wide.csproj", "{9F20F5EF-4F7E-4AE2-A462-4CD2256FB3FF}"
EndProject
Project("{FAE04EC0-301F-11D3-BF4B-00C04F79EFBC}") = "Wide.Tools.Logger", "Src\Wide\Wide.Tools.Logger\Wide.Tools.Logger.csproj", "{982D3282-82A0-4586-99ED-F60D2FD67517}"
EndProject
Global
	GlobalSection(SolutionConfigurationPlatforms) = preSolution
		Debug|Any CPU = Debug|Any CPU
		Debug|x64 = Debug|x64
		Debug|x86 = Debug|x86
		DebugMono|Any CPU = DebugMono|Any CPU
		DebugMono|x64 = DebugMono|x64
		DebugMono|x86 = DebugMono|x86
		DebugMonoPY3|Any CPU = DebugMonoPY3|Any CPU
		DebugMonoPY3|x64 = DebugMonoPY3|x64
		DebugMonoPY3|x86 = DebugMonoPY3|x86
		DebugWin|Any CPU = DebugWin|Any CPU
		DebugWin|x64 = DebugWin|x64
		DebugWin|x86 = DebugWin|x86
		DebugWinPY3|Any CPU = DebugWinPY3|Any CPU
		DebugWinPY3|x64 = DebugWinPY3|x64
		DebugWinPY3|x86 = DebugWinPY3|x86
		Release|Any CPU = Release|Any CPU
		Release|x64 = Release|x64
		Release|x86 = Release|x86
		ReleaseMono|Any CPU = ReleaseMono|Any CPU
		ReleaseMono|x64 = ReleaseMono|x64
		ReleaseMono|x86 = ReleaseMono|x86
		ReleaseMonoPY3|Any CPU = ReleaseMonoPY3|Any CPU
		ReleaseMonoPY3|x64 = ReleaseMonoPY3|x64
		ReleaseMonoPY3|x86 = ReleaseMonoPY3|x86
		ReleaseWin|Any CPU = ReleaseWin|Any CPU
		ReleaseWin|x64 = ReleaseWin|x64
		ReleaseWin|x86 = ReleaseWin|x86
		ReleaseWinPY3|Any CPU = ReleaseWinPY3|Any CPU
		ReleaseWinPY3|x64 = ReleaseWinPY3|x64
		ReleaseWinPY3|x86 = ReleaseWinPY3|x86
	EndGlobalSection
	GlobalSection(ProjectConfigurationPlatforms) = postSolution
		{5B4DE2A6-8357-4F45-BF54-7C3CDFFB7E22}.Debug|Any CPU.ActiveCfg = Debug|Any CPU
		{5B4DE2A6-8357-4F45-BF54-7C3CDFFB7E22}.Debug|Any CPU.Build.0 = Debug|Any CPU
		{5B4DE2A6-8357-4F45-BF54-7C3CDFFB7E22}.Debug|x64.ActiveCfg = Debug|Any CPU
		{5B4DE2A6-8357-4F45-BF54-7C3CDFFB7E22}.Debug|x64.Build.0 = Debug|Any CPU
		{5B4DE2A6-8357-4F45-BF54-7C3CDFFB7E22}.Debug|x86.ActiveCfg = Debug|Any CPU
		{5B4DE2A6-8357-4F45-BF54-7C3CDFFB7E22}.Debug|x86.Build.0 = Debug|Any CPU
		{5B4DE2A6-8357-4F45-BF54-7C3CDFFB7E22}.DebugMono|Any CPU.ActiveCfg = Debug|Any CPU
		{5B4DE2A6-8357-4F45-BF54-7C3CDFFB7E22}.DebugMono|Any CPU.Build.0 = Debug|Any CPU
		{5B4DE2A6-8357-4F45-BF54-7C3CDFFB7E22}.DebugMono|x64.ActiveCfg = Debug|Any CPU
		{5B4DE2A6-8357-4F45-BF54-7C3CDFFB7E22}.DebugMono|x64.Build.0 = Debug|Any CPU
		{5B4DE2A6-8357-4F45-BF54-7C3CDFFB7E22}.DebugMono|x86.ActiveCfg = Debug|Any CPU
		{5B4DE2A6-8357-4F45-BF54-7C3CDFFB7E22}.DebugMono|x86.Build.0 = Debug|Any CPU
		{5B4DE2A6-8357-4F45-BF54-7C3CDFFB7E22}.DebugMonoPY3|Any CPU.ActiveCfg = Debug|Any CPU
		{5B4DE2A6-8357-4F45-BF54-7C3CDFFB7E22}.DebugMonoPY3|Any CPU.Build.0 = Debug|Any CPU
		{5B4DE2A6-8357-4F45-BF54-7C3CDFFB7E22}.DebugMonoPY3|x64.ActiveCfg = Debug|Any CPU
		{5B4DE2A6-8357-4F45-BF54-7C3CDFFB7E22}.DebugMonoPY3|x64.Build.0 = Debug|Any CPU
		{5B4DE2A6-8357-4F45-BF54-7C3CDFFB7E22}.DebugMonoPY3|x86.ActiveCfg = Debug|Any CPU
		{5B4DE2A6-8357-4F45-BF54-7C3CDFFB7E22}.DebugMonoPY3|x86.Build.0 = Debug|Any CPU
		{5B4DE2A6-8357-4F45-BF54-7C3CDFFB7E22}.DebugWin|Any CPU.ActiveCfg = Debug|Any CPU
		{5B4DE2A6-8357-4F45-BF54-7C3CDFFB7E22}.DebugWin|Any CPU.Build.0 = Debug|Any CPU
		{5B4DE2A6-8357-4F45-BF54-7C3CDFFB7E22}.DebugWin|x64.ActiveCfg = Debug|Any CPU
		{5B4DE2A6-8357-4F45-BF54-7C3CDFFB7E22}.DebugWin|x64.Build.0 = Debug|Any CPU
		{5B4DE2A6-8357-4F45-BF54-7C3CDFFB7E22}.DebugWin|x86.ActiveCfg = Debug|Any CPU
		{5B4DE2A6-8357-4F45-BF54-7C3CDFFB7E22}.DebugWin|x86.Build.0 = Debug|Any CPU
		{5B4DE2A6-8357-4F45-BF54-7C3CDFFB7E22}.DebugWinPY3|Any CPU.ActiveCfg = Debug|Any CPU
		{5B4DE2A6-8357-4F45-BF54-7C3CDFFB7E22}.DebugWinPY3|Any CPU.Build.0 = Debug|Any CPU
		{5B4DE2A6-8357-4F45-BF54-7C3CDFFB7E22}.DebugWinPY3|x64.ActiveCfg = Debug|Any CPU
		{5B4DE2A6-8357-4F45-BF54-7C3CDFFB7E22}.DebugWinPY3|x64.Build.0 = Debug|Any CPU
		{5B4DE2A6-8357-4F45-BF54-7C3CDFFB7E22}.DebugWinPY3|x86.ActiveCfg = Debug|Any CPU
		{5B4DE2A6-8357-4F45-BF54-7C3CDFFB7E22}.DebugWinPY3|x86.Build.0 = Debug|Any CPU
		{5B4DE2A6-8357-4F45-BF54-7C3CDFFB7E22}.Release|Any CPU.ActiveCfg = Release|Any CPU
		{5B4DE2A6-8357-4F45-BF54-7C3CDFFB7E22}.Release|Any CPU.Build.0 = Release|Any CPU
		{5B4DE2A6-8357-4F45-BF54-7C3CDFFB7E22}.Release|x64.ActiveCfg = Release|Any CPU
		{5B4DE2A6-8357-4F45-BF54-7C3CDFFB7E22}.Release|x64.Build.0 = Release|Any CPU
		{5B4DE2A6-8357-4F45-BF54-7C3CDFFB7E22}.Release|x86.ActiveCfg = Release|Any CPU
		{5B4DE2A6-8357-4F45-BF54-7C3CDFFB7E22}.Release|x86.Build.0 = Release|Any CPU
		{5B4DE2A6-8357-4F45-BF54-7C3CDFFB7E22}.ReleaseMono|Any CPU.ActiveCfg = Release|Any CPU
		{5B4DE2A6-8357-4F45-BF54-7C3CDFFB7E22}.ReleaseMono|Any CPU.Build.0 = Release|Any CPU
		{5B4DE2A6-8357-4F45-BF54-7C3CDFFB7E22}.ReleaseMono|x64.ActiveCfg = Release|Any CPU
		{5B4DE2A6-8357-4F45-BF54-7C3CDFFB7E22}.ReleaseMono|x64.Build.0 = Release|Any CPU
		{5B4DE2A6-8357-4F45-BF54-7C3CDFFB7E22}.ReleaseMono|x86.ActiveCfg = Release|Any CPU
		{5B4DE2A6-8357-4F45-BF54-7C3CDFFB7E22}.ReleaseMono|x86.Build.0 = Release|Any CPU
		{5B4DE2A6-8357-4F45-BF54-7C3CDFFB7E22}.ReleaseMonoPY3|Any CPU.ActiveCfg = Release|Any CPU
		{5B4DE2A6-8357-4F45-BF54-7C3CDFFB7E22}.ReleaseMonoPY3|Any CPU.Build.0 = Release|Any CPU
		{5B4DE2A6-8357-4F45-BF54-7C3CDFFB7E22}.ReleaseMonoPY3|x64.ActiveCfg = Release|Any CPU
		{5B4DE2A6-8357-4F45-BF54-7C3CDFFB7E22}.ReleaseMonoPY3|x64.Build.0 = Release|Any CPU
		{5B4DE2A6-8357-4F45-BF54-7C3CDFFB7E22}.ReleaseMonoPY3|x86.ActiveCfg = Release|Any CPU
		{5B4DE2A6-8357-4F45-BF54-7C3CDFFB7E22}.ReleaseMonoPY3|x86.Build.0 = Release|Any CPU
		{5B4DE2A6-8357-4F45-BF54-7C3CDFFB7E22}.ReleaseWin|Any CPU.ActiveCfg = Release|Any CPU
		{5B4DE2A6-8357-4F45-BF54-7C3CDFFB7E22}.ReleaseWin|Any CPU.Build.0 = Release|Any CPU
		{5B4DE2A6-8357-4F45-BF54-7C3CDFFB7E22}.ReleaseWin|x64.ActiveCfg = Release|Any CPU
		{5B4DE2A6-8357-4F45-BF54-7C3CDFFB7E22}.ReleaseWin|x64.Build.0 = Release|Any CPU
		{5B4DE2A6-8357-4F45-BF54-7C3CDFFB7E22}.ReleaseWin|x86.ActiveCfg = Release|Any CPU
		{5B4DE2A6-8357-4F45-BF54-7C3CDFFB7E22}.ReleaseWin|x86.Build.0 = Release|Any CPU
		{5B4DE2A6-8357-4F45-BF54-7C3CDFFB7E22}.ReleaseWinPY3|Any CPU.ActiveCfg = Release|Any CPU
		{5B4DE2A6-8357-4F45-BF54-7C3CDFFB7E22}.ReleaseWinPY3|Any CPU.Build.0 = Release|Any CPU
		{5B4DE2A6-8357-4F45-BF54-7C3CDFFB7E22}.ReleaseWinPY3|x64.ActiveCfg = Release|Any CPU
		{5B4DE2A6-8357-4F45-BF54-7C3CDFFB7E22}.ReleaseWinPY3|x64.Build.0 = Release|Any CPU
		{5B4DE2A6-8357-4F45-BF54-7C3CDFFB7E22}.ReleaseWinPY3|x86.ActiveCfg = Release|Any CPU
		{5B4DE2A6-8357-4F45-BF54-7C3CDFFB7E22}.ReleaseWinPY3|x86.Build.0 = Release|Any CPU
		{EA9395FB-9EC1-4386-8A66-C501AE3AB358}.Debug|Any CPU.ActiveCfg = Debug|Any CPU
		{EA9395FB-9EC1-4386-8A66-C501AE3AB358}.Debug|Any CPU.Build.0 = Debug|Any CPU
		{EA9395FB-9EC1-4386-8A66-C501AE3AB358}.Debug|x64.ActiveCfg = Debug|Any CPU
		{EA9395FB-9EC1-4386-8A66-C501AE3AB358}.Debug|x64.Build.0 = Debug|Any CPU
		{EA9395FB-9EC1-4386-8A66-C501AE3AB358}.Debug|x86.ActiveCfg = Debug|Any CPU
		{EA9395FB-9EC1-4386-8A66-C501AE3AB358}.Debug|x86.Build.0 = Debug|Any CPU
		{EA9395FB-9EC1-4386-8A66-C501AE3AB358}.DebugMono|Any CPU.ActiveCfg = Debug|Any CPU
		{EA9395FB-9EC1-4386-8A66-C501AE3AB358}.DebugMono|Any CPU.Build.0 = Debug|Any CPU
		{EA9395FB-9EC1-4386-8A66-C501AE3AB358}.DebugMono|x64.ActiveCfg = Debug|Any CPU
		{EA9395FB-9EC1-4386-8A66-C501AE3AB358}.DebugMono|x64.Build.0 = Debug|Any CPU
		{EA9395FB-9EC1-4386-8A66-C501AE3AB358}.DebugMono|x86.ActiveCfg = Debug|Any CPU
		{EA9395FB-9EC1-4386-8A66-C501AE3AB358}.DebugMono|x86.Build.0 = Debug|Any CPU
		{EA9395FB-9EC1-4386-8A66-C501AE3AB358}.DebugMonoPY3|Any CPU.ActiveCfg = Debug|Any CPU
		{EA9395FB-9EC1-4386-8A66-C501AE3AB358}.DebugMonoPY3|Any CPU.Build.0 = Debug|Any CPU
		{EA9395FB-9EC1-4386-8A66-C501AE3AB358}.DebugMonoPY3|x64.ActiveCfg = Debug|Any CPU
		{EA9395FB-9EC1-4386-8A66-C501AE3AB358}.DebugMonoPY3|x64.Build.0 = Debug|Any CPU
		{EA9395FB-9EC1-4386-8A66-C501AE3AB358}.DebugMonoPY3|x86.ActiveCfg = Debug|Any CPU
		{EA9395FB-9EC1-4386-8A66-C501AE3AB358}.DebugMonoPY3|x86.Build.0 = Debug|Any CPU
		{EA9395FB-9EC1-4386-8A66-C501AE3AB358}.DebugWin|Any CPU.ActiveCfg = Debug|Any CPU
		{EA9395FB-9EC1-4386-8A66-C501AE3AB358}.DebugWin|Any CPU.Build.0 = Debug|Any CPU
		{EA9395FB-9EC1-4386-8A66-C501AE3AB358}.DebugWin|x64.ActiveCfg = Debug|Any CPU
		{EA9395FB-9EC1-4386-8A66-C501AE3AB358}.DebugWin|x64.Build.0 = Debug|Any CPU
		{EA9395FB-9EC1-4386-8A66-C501AE3AB358}.DebugWin|x86.ActiveCfg = Debug|Any CPU
		{EA9395FB-9EC1-4386-8A66-C501AE3AB358}.DebugWin|x86.Build.0 = Debug|Any CPU
		{EA9395FB-9EC1-4386-8A66-C501AE3AB358}.DebugWinPY3|Any CPU.ActiveCfg = Debug|Any CPU
		{EA9395FB-9EC1-4386-8A66-C501AE3AB358}.DebugWinPY3|Any CPU.Build.0 = Debug|Any CPU
		{EA9395FB-9EC1-4386-8A66-C501AE3AB358}.DebugWinPY3|x64.ActiveCfg = Debug|Any CPU
		{EA9395FB-9EC1-4386-8A66-C501AE3AB358}.DebugWinPY3|x64.Build.0 = Debug|Any CPU
		{EA9395FB-9EC1-4386-8A66-C501AE3AB358}.DebugWinPY3|x86.ActiveCfg = Debug|Any CPU
		{EA9395FB-9EC1-4386-8A66-C501AE3AB358}.DebugWinPY3|x86.Build.0 = Debug|Any CPU
		{EA9395FB-9EC1-4386-8A66-C501AE3AB358}.Release|Any CPU.ActiveCfg = Release|Any CPU
		{EA9395FB-9EC1-4386-8A66-C501AE3AB358}.Release|Any CPU.Build.0 = Release|Any CPU
		{EA9395FB-9EC1-4386-8A66-C501AE3AB358}.Release|x64.ActiveCfg = Release|Any CPU
		{EA9395FB-9EC1-4386-8A66-C501AE3AB358}.Release|x64.Build.0 = Release|Any CPU
		{EA9395FB-9EC1-4386-8A66-C501AE3AB358}.Release|x86.ActiveCfg = Release|Any CPU
		{EA9395FB-9EC1-4386-8A66-C501AE3AB358}.Release|x86.Build.0 = Release|Any CPU
		{EA9395FB-9EC1-4386-8A66-C501AE3AB358}.ReleaseMono|Any CPU.ActiveCfg = Release|Any CPU
		{EA9395FB-9EC1-4386-8A66-C501AE3AB358}.ReleaseMono|Any CPU.Build.0 = Release|Any CPU
		{EA9395FB-9EC1-4386-8A66-C501AE3AB358}.ReleaseMono|x64.ActiveCfg = Release|Any CPU
		{EA9395FB-9EC1-4386-8A66-C501AE3AB358}.ReleaseMono|x64.Build.0 = Release|Any CPU
		{EA9395FB-9EC1-4386-8A66-C501AE3AB358}.ReleaseMono|x86.ActiveCfg = Release|Any CPU
		{EA9395FB-9EC1-4386-8A66-C501AE3AB358}.ReleaseMono|x86.Build.0 = Release|Any CPU
		{EA9395FB-9EC1-4386-8A66-C501AE3AB358}.ReleaseMonoPY3|Any CPU.ActiveCfg = Release|Any CPU
		{EA9395FB-9EC1-4386-8A66-C501AE3AB358}.ReleaseMonoPY3|Any CPU.Build.0 = Release|Any CPU
		{EA9395FB-9EC1-4386-8A66-C501AE3AB358}.ReleaseMonoPY3|x64.ActiveCfg = Release|Any CPU
		{EA9395FB-9EC1-4386-8A66-C501AE3AB358}.ReleaseMonoPY3|x64.Build.0 = Release|Any CPU
		{EA9395FB-9EC1-4386-8A66-C501AE3AB358}.ReleaseMonoPY3|x86.ActiveCfg = Release|Any CPU
		{EA9395FB-9EC1-4386-8A66-C501AE3AB358}.ReleaseMonoPY3|x86.Build.0 = Release|Any CPU
		{EA9395FB-9EC1-4386-8A66-C501AE3AB358}.ReleaseWin|Any CPU.ActiveCfg = Release|Any CPU
		{EA9395FB-9EC1-4386-8A66-C501AE3AB358}.ReleaseWin|Any CPU.Build.0 = Release|Any CPU
		{EA9395FB-9EC1-4386-8A66-C501AE3AB358}.ReleaseWin|x64.ActiveCfg = Release|Any CPU
		{EA9395FB-9EC1-4386-8A66-C501AE3AB358}.ReleaseWin|x64.Build.0 = Release|Any CPU
		{EA9395FB-9EC1-4386-8A66-C501AE3AB358}.ReleaseWin|x86.ActiveCfg = Release|Any CPU
		{EA9395FB-9EC1-4386-8A66-C501AE3AB358}.ReleaseWin|x86.Build.0 = Release|Any CPU
		{EA9395FB-9EC1-4386-8A66-C501AE3AB358}.ReleaseWinPY3|Any CPU.ActiveCfg = Release|Any CPU
		{EA9395FB-9EC1-4386-8A66-C501AE3AB358}.ReleaseWinPY3|Any CPU.Build.0 = Release|Any CPU
		{EA9395FB-9EC1-4386-8A66-C501AE3AB358}.ReleaseWinPY3|x64.ActiveCfg = Release|Any CPU
		{EA9395FB-9EC1-4386-8A66-C501AE3AB358}.ReleaseWinPY3|x64.Build.0 = Release|Any CPU
		{EA9395FB-9EC1-4386-8A66-C501AE3AB358}.ReleaseWinPY3|x86.ActiveCfg = Release|Any CPU
		{EA9395FB-9EC1-4386-8A66-C501AE3AB358}.ReleaseWinPY3|x86.Build.0 = Release|Any CPU
		{C8DA29B2-85C1-4104-8316-D7ADDE26BF3A}.Debug|Any CPU.ActiveCfg = Debug|Any CPU
		{C8DA29B2-85C1-4104-8316-D7ADDE26BF3A}.Debug|Any CPU.Build.0 = Debug|Any CPU
		{C8DA29B2-85C1-4104-8316-D7ADDE26BF3A}.Debug|x64.ActiveCfg = Debug|Any CPU
		{C8DA29B2-85C1-4104-8316-D7ADDE26BF3A}.Debug|x64.Build.0 = Debug|Any CPU
		{C8DA29B2-85C1-4104-8316-D7ADDE26BF3A}.Debug|x86.ActiveCfg = Debug|Any CPU
		{C8DA29B2-85C1-4104-8316-D7ADDE26BF3A}.Debug|x86.Build.0 = Debug|Any CPU
		{C8DA29B2-85C1-4104-8316-D7ADDE26BF3A}.DebugMono|Any CPU.ActiveCfg = Debug|Any CPU
		{C8DA29B2-85C1-4104-8316-D7ADDE26BF3A}.DebugMono|Any CPU.Build.0 = Debug|Any CPU
		{C8DA29B2-85C1-4104-8316-D7ADDE26BF3A}.DebugMono|x64.ActiveCfg = Debug|Any CPU
		{C8DA29B2-85C1-4104-8316-D7ADDE26BF3A}.DebugMono|x64.Build.0 = Debug|Any CPU
		{C8DA29B2-85C1-4104-8316-D7ADDE26BF3A}.DebugMono|x86.ActiveCfg = Debug|Any CPU
		{C8DA29B2-85C1-4104-8316-D7ADDE26BF3A}.DebugMono|x86.Build.0 = Debug|Any CPU
		{C8DA29B2-85C1-4104-8316-D7ADDE26BF3A}.DebugMonoPY3|Any CPU.ActiveCfg = Debug|Any CPU
		{C8DA29B2-85C1-4104-8316-D7ADDE26BF3A}.DebugMonoPY3|Any CPU.Build.0 = Debug|Any CPU
		{C8DA29B2-85C1-4104-8316-D7ADDE26BF3A}.DebugMonoPY3|x64.ActiveCfg = Debug|Any CPU
		{C8DA29B2-85C1-4104-8316-D7ADDE26BF3A}.DebugMonoPY3|x64.Build.0 = Debug|Any CPU
		{C8DA29B2-85C1-4104-8316-D7ADDE26BF3A}.DebugMonoPY3|x86.ActiveCfg = Debug|Any CPU
		{C8DA29B2-85C1-4104-8316-D7ADDE26BF3A}.DebugMonoPY3|x86.Build.0 = Debug|Any CPU
		{C8DA29B2-85C1-4104-8316-D7ADDE26BF3A}.DebugWin|Any CPU.ActiveCfg = Debug|Any CPU
		{C8DA29B2-85C1-4104-8316-D7ADDE26BF3A}.DebugWin|Any CPU.Build.0 = Debug|Any CPU
		{C8DA29B2-85C1-4104-8316-D7ADDE26BF3A}.DebugWin|x64.ActiveCfg = Debug|Any CPU
		{C8DA29B2-85C1-4104-8316-D7ADDE26BF3A}.DebugWin|x64.Build.0 = Debug|Any CPU
		{C8DA29B2-85C1-4104-8316-D7ADDE26BF3A}.DebugWin|x86.ActiveCfg = Debug|Any CPU
		{C8DA29B2-85C1-4104-8316-D7ADDE26BF3A}.DebugWin|x86.Build.0 = Debug|Any CPU
		{C8DA29B2-85C1-4104-8316-D7ADDE26BF3A}.DebugWinPY3|Any CPU.ActiveCfg = Debug|Any CPU
		{C8DA29B2-85C1-4104-8316-D7ADDE26BF3A}.DebugWinPY3|Any CPU.Build.0 = Debug|Any CPU
		{C8DA29B2-85C1-4104-8316-D7ADDE26BF3A}.DebugWinPY3|x64.ActiveCfg = Debug|Any CPU
		{C8DA29B2-85C1-4104-8316-D7ADDE26BF3A}.DebugWinPY3|x64.Build.0 = Debug|Any CPU
		{C8DA29B2-85C1-4104-8316-D7ADDE26BF3A}.DebugWinPY3|x86.ActiveCfg = Debug|Any CPU
		{C8DA29B2-85C1-4104-8316-D7ADDE26BF3A}.DebugWinPY3|x86.Build.0 = Debug|Any CPU
		{C8DA29B2-85C1-4104-8316-D7ADDE26BF3A}.Release|Any CPU.ActiveCfg = Release|Any CPU
		{C8DA29B2-85C1-4104-8316-D7ADDE26BF3A}.Release|Any CPU.Build.0 = Release|Any CPU
		{C8DA29B2-85C1-4104-8316-D7ADDE26BF3A}.Release|x64.ActiveCfg = Release|Any CPU
		{C8DA29B2-85C1-4104-8316-D7ADDE26BF3A}.Release|x64.Build.0 = Release|Any CPU
		{C8DA29B2-85C1-4104-8316-D7ADDE26BF3A}.Release|x86.ActiveCfg = Release|Any CPU
		{C8DA29B2-85C1-4104-8316-D7ADDE26BF3A}.Release|x86.Build.0 = Release|Any CPU
		{C8DA29B2-85C1-4104-8316-D7ADDE26BF3A}.ReleaseMono|Any CPU.ActiveCfg = Release|Any CPU
		{C8DA29B2-85C1-4104-8316-D7ADDE26BF3A}.ReleaseMono|Any CPU.Build.0 = Release|Any CPU
		{C8DA29B2-85C1-4104-8316-D7ADDE26BF3A}.ReleaseMono|x64.ActiveCfg = Release|Any CPU
		{C8DA29B2-85C1-4104-8316-D7ADDE26BF3A}.ReleaseMono|x64.Build.0 = Release|Any CPU
		{C8DA29B2-85C1-4104-8316-D7ADDE26BF3A}.ReleaseMono|x86.ActiveCfg = Release|Any CPU
		{C8DA29B2-85C1-4104-8316-D7ADDE26BF3A}.ReleaseMono|x86.Build.0 = Release|Any CPU
		{C8DA29B2-85C1-4104-8316-D7ADDE26BF3A}.ReleaseMonoPY3|Any CPU.ActiveCfg = Release|Any CPU
		{C8DA29B2-85C1-4104-8316-D7ADDE26BF3A}.ReleaseMonoPY3|Any CPU.Build.0 = Release|Any CPU
		{C8DA29B2-85C1-4104-8316-D7ADDE26BF3A}.ReleaseMonoPY3|x64.ActiveCfg = Release|Any CPU
		{C8DA29B2-85C1-4104-8316-D7ADDE26BF3A}.ReleaseMonoPY3|x64.Build.0 = Release|Any CPU
		{C8DA29B2-85C1-4104-8316-D7ADDE26BF3A}.ReleaseMonoPY3|x86.ActiveCfg = Release|Any CPU
		{C8DA29B2-85C1-4104-8316-D7ADDE26BF3A}.ReleaseMonoPY3|x86.Build.0 = Release|Any CPU
		{C8DA29B2-85C1-4104-8316-D7ADDE26BF3A}.ReleaseWin|Any CPU.ActiveCfg = Release|Any CPU
		{C8DA29B2-85C1-4104-8316-D7ADDE26BF3A}.ReleaseWin|Any CPU.Build.0 = Release|Any CPU
		{C8DA29B2-85C1-4104-8316-D7ADDE26BF3A}.ReleaseWin|x64.ActiveCfg = Release|Any CPU
		{C8DA29B2-85C1-4104-8316-D7ADDE26BF3A}.ReleaseWin|x64.Build.0 = Release|Any CPU
		{C8DA29B2-85C1-4104-8316-D7ADDE26BF3A}.ReleaseWin|x86.ActiveCfg = Release|Any CPU
		{C8DA29B2-85C1-4104-8316-D7ADDE26BF3A}.ReleaseWin|x86.Build.0 = Release|Any CPU
		{C8DA29B2-85C1-4104-8316-D7ADDE26BF3A}.ReleaseWinPY3|Any CPU.ActiveCfg = Release|Any CPU
		{C8DA29B2-85C1-4104-8316-D7ADDE26BF3A}.ReleaseWinPY3|Any CPU.Build.0 = Release|Any CPU
		{C8DA29B2-85C1-4104-8316-D7ADDE26BF3A}.ReleaseWinPY3|x64.ActiveCfg = Release|Any CPU
		{C8DA29B2-85C1-4104-8316-D7ADDE26BF3A}.ReleaseWinPY3|x64.Build.0 = Release|Any CPU
		{C8DA29B2-85C1-4104-8316-D7ADDE26BF3A}.ReleaseWinPY3|x86.ActiveCfg = Release|Any CPU
		{C8DA29B2-85C1-4104-8316-D7ADDE26BF3A}.ReleaseWinPY3|x86.Build.0 = Release|Any CPU
		{9F20F5EF-4F7E-4AE2-A462-4CD2256FB3FF}.Debug|Any CPU.ActiveCfg = Debug|Any CPU
		{9F20F5EF-4F7E-4AE2-A462-4CD2256FB3FF}.Debug|Any CPU.Build.0 = Debug|Any CPU
		{9F20F5EF-4F7E-4AE2-A462-4CD2256FB3FF}.Debug|x64.ActiveCfg = Debug|Any CPU
		{9F20F5EF-4F7E-4AE2-A462-4CD2256FB3FF}.Debug|x64.Build.0 = Debug|Any CPU
		{9F20F5EF-4F7E-4AE2-A462-4CD2256FB3FF}.Debug|x86.ActiveCfg = Debug|Any CPU
		{9F20F5EF-4F7E-4AE2-A462-4CD2256FB3FF}.Debug|x86.Build.0 = Debug|Any CPU
		{9F20F5EF-4F7E-4AE2-A462-4CD2256FB3FF}.DebugMono|Any CPU.ActiveCfg = Debug|Any CPU
		{9F20F5EF-4F7E-4AE2-A462-4CD2256FB3FF}.DebugMono|Any CPU.Build.0 = Debug|Any CPU
		{9F20F5EF-4F7E-4AE2-A462-4CD2256FB3FF}.DebugMono|x64.ActiveCfg = Debug|Any CPU
		{9F20F5EF-4F7E-4AE2-A462-4CD2256FB3FF}.DebugMono|x64.Build.0 = Debug|Any CPU
		{9F20F5EF-4F7E-4AE2-A462-4CD2256FB3FF}.DebugMono|x86.ActiveCfg = Debug|Any CPU
		{9F20F5EF-4F7E-4AE2-A462-4CD2256FB3FF}.DebugMono|x86.Build.0 = Debug|Any CPU
		{9F20F5EF-4F7E-4AE2-A462-4CD2256FB3FF}.DebugMonoPY3|Any CPU.ActiveCfg = Debug|Any CPU
		{9F20F5EF-4F7E-4AE2-A462-4CD2256FB3FF}.DebugMonoPY3|Any CPU.Build.0 = Debug|Any CPU
		{9F20F5EF-4F7E-4AE2-A462-4CD2256FB3FF}.DebugMonoPY3|x64.ActiveCfg = Debug|Any CPU
		{9F20F5EF-4F7E-4AE2-A462-4CD2256FB3FF}.DebugMonoPY3|x64.Build.0 = Debug|Any CPU
		{9F20F5EF-4F7E-4AE2-A462-4CD2256FB3FF}.DebugMonoPY3|x86.ActiveCfg = Debug|Any CPU
		{9F20F5EF-4F7E-4AE2-A462-4CD2256FB3FF}.DebugMonoPY3|x86.Build.0 = Debug|Any CPU
		{9F20F5EF-4F7E-4AE2-A462-4CD2256FB3FF}.DebugWin|Any CPU.ActiveCfg = Debug|Any CPU
		{9F20F5EF-4F7E-4AE2-A462-4CD2256FB3FF}.DebugWin|Any CPU.Build.0 = Debug|Any CPU
		{9F20F5EF-4F7E-4AE2-A462-4CD2256FB3FF}.DebugWin|x64.ActiveCfg = Debug|Any CPU
		{9F20F5EF-4F7E-4AE2-A462-4CD2256FB3FF}.DebugWin|x64.Build.0 = Debug|Any CPU
		{9F20F5EF-4F7E-4AE2-A462-4CD2256FB3FF}.DebugWin|x86.ActiveCfg = Debug|Any CPU
		{9F20F5EF-4F7E-4AE2-A462-4CD2256FB3FF}.DebugWin|x86.Build.0 = Debug|Any CPU
		{9F20F5EF-4F7E-4AE2-A462-4CD2256FB3FF}.DebugWinPY3|Any CPU.ActiveCfg = Debug|Any CPU
		{9F20F5EF-4F7E-4AE2-A462-4CD2256FB3FF}.DebugWinPY3|Any CPU.Build.0 = Debug|Any CPU
		{9F20F5EF-4F7E-4AE2-A462-4CD2256FB3FF}.DebugWinPY3|x64.ActiveCfg = Debug|Any CPU
		{9F20F5EF-4F7E-4AE2-A462-4CD2256FB3FF}.DebugWinPY3|x64.Build.0 = Debug|Any CPU
		{9F20F5EF-4F7E-4AE2-A462-4CD2256FB3FF}.DebugWinPY3|x86.ActiveCfg = Debug|Any CPU
		{9F20F5EF-4F7E-4AE2-A462-4CD2256FB3FF}.DebugWinPY3|x86.Build.0 = Debug|Any CPU
		{9F20F5EF-4F7E-4AE2-A462-4CD2256FB3FF}.Release|Any CPU.ActiveCfg = Release|Any CPU
		{9F20F5EF-4F7E-4AE2-A462-4CD2256FB3FF}.Release|Any CPU.Build.0 = Release|Any CPU
		{9F20F5EF-4F7E-4AE2-A462-4CD2256FB3FF}.Release|x64.ActiveCfg = Release|Any CPU
		{9F20F5EF-4F7E-4AE2-A462-4CD2256FB3FF}.Release|x64.Build.0 = Release|Any CPU
		{9F20F5EF-4F7E-4AE2-A462-4CD2256FB3FF}.Release|x86.ActiveCfg = Release|Any CPU
		{9F20F5EF-4F7E-4AE2-A462-4CD2256FB3FF}.Release|x86.Build.0 = Release|Any CPU
		{9F20F5EF-4F7E-4AE2-A462-4CD2256FB3FF}.ReleaseMono|Any CPU.ActiveCfg = Release|Any CPU
		{9F20F5EF-4F7E-4AE2-A462-4CD2256FB3FF}.ReleaseMono|Any CPU.Build.0 = Release|Any CPU
		{9F20F5EF-4F7E-4AE2-A462-4CD2256FB3FF}.ReleaseMono|x64.ActiveCfg = Release|Any CPU
		{9F20F5EF-4F7E-4AE2-A462-4CD2256FB3FF}.ReleaseMono|x64.Build.0 = Release|Any CPU
		{9F20F5EF-4F7E-4AE2-A462-4CD2256FB3FF}.ReleaseMono|x86.ActiveCfg = Release|Any CPU
		{9F20F5EF-4F7E-4AE2-A462-4CD2256FB3FF}.ReleaseMono|x86.Build.0 = Release|Any CPU
		{9F20F5EF-4F7E-4AE2-A462-4CD2256FB3FF}.ReleaseMonoPY3|Any CPU.ActiveCfg = Release|Any CPU
		{9F20F5EF-4F7E-4AE2-A462-4CD2256FB3FF}.ReleaseMonoPY3|Any CPU.Build.0 = Release|Any CPU
		{9F20F5EF-4F7E-4AE2-A462-4CD2256FB3FF}.ReleaseMonoPY3|x64.ActiveCfg = Release|Any CPU
		{9F20F5EF-4F7E-4AE2-A462-4CD2256FB3FF}.ReleaseMonoPY3|x64.Build.0 = Release|Any CPU
		{9F20F5EF-4F7E-4AE2-A462-4CD2256FB3FF}.ReleaseMonoPY3|x86.ActiveCfg = Release|Any CPU
		{9F20F5EF-4F7E-4AE2-A462-4CD2256FB3FF}.ReleaseMonoPY3|x86.Build.0 = Release|Any CPU
		{9F20F5EF-4F7E-4AE2-A462-4CD2256FB3FF}.ReleaseWin|Any CPU.ActiveCfg = Release|Any CPU
		{9F20F5EF-4F7E-4AE2-A462-4CD2256FB3FF}.ReleaseWin|Any CPU.Build.0 = Release|Any CPU
		{9F20F5EF-4F7E-4AE2-A462-4CD2256FB3FF}.ReleaseWin|x64.ActiveCfg = Release|Any CPU
		{9F20F5EF-4F7E-4AE2-A462-4CD2256FB3FF}.ReleaseWin|x64.Build.0 = Release|Any CPU
		{9F20F5EF-4F7E-4AE2-A462-4CD2256FB3FF}.ReleaseWin|x86.ActiveCfg = Release|Any CPU
		{9F20F5EF-4F7E-4AE2-A462-4CD2256FB3FF}.ReleaseWin|x86.Build.0 = Release|Any CPU
		{9F20F5EF-4F7E-4AE2-A462-4CD2256FB3FF}.ReleaseWinPY3|Any CPU.ActiveCfg = Release|Any CPU
		{9F20F5EF-4F7E-4AE2-A462-4CD2256FB3FF}.ReleaseWinPY3|Any CPU.Build.0 = Release|Any CPU
		{9F20F5EF-4F7E-4AE2-A462-4CD2256FB3FF}.ReleaseWinPY3|x64.ActiveCfg = Release|Any CPU
		{9F20F5EF-4F7E-4AE2-A462-4CD2256FB3FF}.ReleaseWinPY3|x64.Build.0 = Release|Any CPU
		{9F20F5EF-4F7E-4AE2-A462-4CD2256FB3FF}.ReleaseWinPY3|x86.ActiveCfg = Release|Any CPU
		{9F20F5EF-4F7E-4AE2-A462-4CD2256FB3FF}.ReleaseWinPY3|x86.Build.0 = Release|Any CPU
		{982D3282-82A0-4586-99ED-F60D2FD67517}.Debug|Any CPU.ActiveCfg = Debug|Any CPU
		{982D3282-82A0-4586-99ED-F60D2FD67517}.Debug|Any CPU.Build.0 = Debug|Any CPU
		{982D3282-82A0-4586-99ED-F60D2FD67517}.Debug|x64.ActiveCfg = Debug|Any CPU
		{982D3282-82A0-4586-99ED-F60D2FD67517}.Debug|x64.Build.0 = Debug|Any CPU
		{982D3282-82A0-4586-99ED-F60D2FD67517}.Debug|x86.ActiveCfg = Debug|Any CPU
		{982D3282-82A0-4586-99ED-F60D2FD67517}.Debug|x86.Build.0 = Debug|Any CPU
		{982D3282-82A0-4586-99ED-F60D2FD67517}.DebugMono|Any CPU.ActiveCfg = Debug|Any CPU
		{982D3282-82A0-4586-99ED-F60D2FD67517}.DebugMono|Any CPU.Build.0 = Debug|Any CPU
		{982D3282-82A0-4586-99ED-F60D2FD67517}.DebugMono|x64.ActiveCfg = Debug|Any CPU
		{982D3282-82A0-4586-99ED-F60D2FD67517}.DebugMono|x64.Build.0 = Debug|Any CPU
		{982D3282-82A0-4586-99ED-F60D2FD67517}.DebugMono|x86.ActiveCfg = Debug|Any CPU
		{982D3282-82A0-4586-99ED-F60D2FD67517}.DebugMono|x86.Build.0 = Debug|Any CPU
		{982D3282-82A0-4586-99ED-F60D2FD67517}.DebugMonoPY3|Any CPU.ActiveCfg = Debug|Any CPU
		{982D3282-82A0-4586-99ED-F60D2FD67517}.DebugMonoPY3|Any CPU.Build.0 = Debug|Any CPU
		{982D3282-82A0-4586-99ED-F60D2FD67517}.DebugMonoPY3|x64.ActiveCfg = Debug|Any CPU
		{982D3282-82A0-4586-99ED-F60D2FD67517}.DebugMonoPY3|x64.Build.0 = Debug|Any CPU
		{982D3282-82A0-4586-99ED-F60D2FD67517}.DebugMonoPY3|x86.ActiveCfg = Debug|Any CPU
		{982D3282-82A0-4586-99ED-F60D2FD67517}.DebugMonoPY3|x86.Build.0 = Debug|Any CPU
		{982D3282-82A0-4586-99ED-F60D2FD67517}.DebugWin|Any CPU.ActiveCfg = Debug|Any CPU
		{982D3282-82A0-4586-99ED-F60D2FD67517}.DebugWin|Any CPU.Build.0 = Debug|Any CPU
		{982D3282-82A0-4586-99ED-F60D2FD67517}.DebugWin|x64.ActiveCfg = Debug|Any CPU
		{982D3282-82A0-4586-99ED-F60D2FD67517}.DebugWin|x64.Build.0 = Debug|Any CPU
		{982D3282-82A0-4586-99ED-F60D2FD67517}.DebugWin|x86.ActiveCfg = Debug|Any CPU
		{982D3282-82A0-4586-99ED-F60D2FD67517}.DebugWin|x86.Build.0 = Debug|Any CPU
		{982D3282-82A0-4586-99ED-F60D2FD67517}.DebugWinPY3|Any CPU.ActiveCfg = Debug|Any CPU
		{982D3282-82A0-4586-99ED-F60D2FD67517}.DebugWinPY3|Any CPU.Build.0 = Debug|Any CPU
		{982D3282-82A0-4586-99ED-F60D2FD67517}.DebugWinPY3|x64.ActiveCfg = Debug|Any CPU
		{982D3282-82A0-4586-99ED-F60D2FD67517}.DebugWinPY3|x64.Build.0 = Debug|Any CPU
		{982D3282-82A0-4586-99ED-F60D2FD67517}.DebugWinPY3|x86.ActiveCfg = Debug|Any CPU
		{982D3282-82A0-4586-99ED-F60D2FD67517}.DebugWinPY3|x86.Build.0 = Debug|Any CPU
		{982D3282-82A0-4586-99ED-F60D2FD67517}.Release|Any CPU.ActiveCfg = Release|Any CPU
		{982D3282-82A0-4586-99ED-F60D2FD67517}.Release|Any CPU.Build.0 = Release|Any CPU
		{982D3282-82A0-4586-99ED-F60D2FD67517}.Release|x64.ActiveCfg = Release|Any CPU
		{982D3282-82A0-4586-99ED-F60D2FD67517}.Release|x64.Build.0 = Release|Any CPU
		{982D3282-82A0-4586-99ED-F60D2FD67517}.Release|x86.ActiveCfg = Release|Any CPU
		{982D3282-82A0-4586-99ED-F60D2FD67517}.Release|x86.Build.0 = Release|Any CPU
		{982D3282-82A0-4586-99ED-F60D2FD67517}.ReleaseMono|Any CPU.ActiveCfg = Release|Any CPU
		{982D3282-82A0-4586-99ED-F60D2FD67517}.ReleaseMono|Any CPU.Build.0 = Release|Any CPU
		{982D3282-82A0-4586-99ED-F60D2FD67517}.ReleaseMono|x64.ActiveCfg = Release|Any CPU
		{982D3282-82A0-4586-99ED-F60D2FD67517}.ReleaseMono|x64.Build.0 = Release|Any CPU
		{982D3282-82A0-4586-99ED-F60D2FD67517}.ReleaseMono|x86.ActiveCfg = Release|Any CPU
		{982D3282-82A0-4586-99ED-F60D2FD67517}.ReleaseMono|x86.Build.0 = Release|Any CPU
		{982D3282-82A0-4586-99ED-F60D2FD67517}.ReleaseMonoPY3|Any CPU.ActiveCfg = Release|Any CPU
		{982D3282-82A0-4586-99ED-F60D2FD67517}.ReleaseMonoPY3|Any CPU.Build.0 = Release|Any CPU
		{982D3282-82A0-4586-99ED-F60D2FD67517}.ReleaseMonoPY3|x64.ActiveCfg = Release|Any CPU
		{982D3282-82A0-4586-99ED-F60D2FD67517}.ReleaseMonoPY3|x64.Build.0 = Release|Any CPU
		{982D3282-82A0-4586-99ED-F60D2FD67517}.ReleaseMonoPY3|x86.ActiveCfg = Release|Any CPU
		{982D3282-82A0-4586-99ED-F60D2FD67517}.ReleaseMonoPY3|x86.Build.0 = Release|Any CPU
		{982D3282-82A0-4586-99ED-F60D2FD67517}.ReleaseWin|Any CPU.ActiveCfg = Release|Any CPU
		{982D3282-82A0-4586-99ED-F60D2FD67517}.ReleaseWin|Any CPU.Build.0 = Release|Any CPU
		{982D3282-82A0-4586-99ED-F60D2FD67517}.ReleaseWin|x64.ActiveCfg = Release|Any CPU
		{982D3282-82A0-4586-99ED-F60D2FD67517}.ReleaseWin|x64.Build.0 = Release|Any CPU
		{982D3282-82A0-4586-99ED-F60D2FD67517}.ReleaseWin|x86.ActiveCfg = Release|Any CPU
		{982D3282-82A0-4586-99ED-F60D2FD67517}.ReleaseWin|x86.Build.0 = Release|Any CPU
		{982D3282-82A0-4586-99ED-F60D2FD67517}.ReleaseWinPY3|Any CPU.ActiveCfg = Release|Any CPU
		{982D3282-82A0-4586-99ED-F60D2FD67517}.ReleaseWinPY3|Any CPU.Build.0 = Release|Any CPU
		{982D3282-82A0-4586-99ED-F60D2FD67517}.ReleaseWinPY3|x64.ActiveCfg = Release|Any CPU
		{982D3282-82A0-4586-99ED-F60D2FD67517}.ReleaseWinPY3|x64.Build.0 = Release|Any CPU
		{982D3282-82A0-4586-99ED-F60D2FD67517}.ReleaseWinPY3|x86.ActiveCfg = Release|Any CPU
		{982D3282-82A0-4586-99ED-F60D2FD67517}.ReleaseWinPY3|x86.Build.0 = Release|Any CPU
	EndGlobalSection
	GlobalSection(SolutionProperties) = preSolution
		HideSolutionNode = FALSE
	EndGlobalSection
	GlobalSection(NestedProjects) = preSolution
		{5B4DE2A6-8357-4F45-BF54-7C3CDFFB7E22} = {95C61292-CB7B-4C79-86B0-2314FA88D16F}
		{EA9395FB-9EC1-4386-8A66-C501AE3AB358} = {BABDE3AC-B7AC-42B8-B6D3-D438BFC7960F}
		{C8DA29B2-85C1-4104-8316-D7ADDE26BF3A} = {BABDE3AC-B7AC-42B8-B6D3-D438BFC7960F}
		{9F20F5EF-4F7E-4AE2-A462-4CD2256FB3FF} = {1B274611-D2A7-4242-B9E2-610D651B1FE2}
		{982D3282-82A0-4586-99ED-F60D2FD67517} = {1B274611-D2A7-4242-B9E2-610D651B1FE2}
	EndGlobalSection
	GlobalSection(ExtensibilityGlobals) = postSolution
		SolutionGuid = {83AC0F4E-7131-4574-A837-44B5FFE0498A}
	EndGlobalSection
EndGlobal
